
Microsoft Visual Studio Solution File, Format Version 12.00
# Visual Studio 2012
Project("{FAE04EC0-301F-11D3-BF4B-00C04F79EFBC}") = "WebVideo", "WebVideo\WebVideo.csproj", "{3C9196B4-AEB1-4E61-BF70-36818A478D04}"
EndProject
Project("{FAE04EC0-301F-11D3-BF4B-00C04F79EFBC}") = "Clases", "Clases\Clases.csproj", "{E36CF35F-546A-4E15-8C82-A4EFC7F75E00}"
EndProject
Global
	GlobalSection(SolutionConfigurationPlatforms) = preSolution
		Debug|Any CPU = Debug|Any CPU
		Release|Any CPU = Release|Any CPU
	EndGlobalSection
	GlobalSection(ProjectConfigurationPlatforms) = postSolution
		{3C9196B4-AEB1-4E61-BF70-36818A478D04}.Debug|Any CPU.ActiveCfg = Debug|Any CPU
		{3C9196B4-AEB1-4E61-BF70-36818A478D04}.Debug|Any CPU.Build.0 = Debug|Any CPU
		{3C9196B4-AEB1-4E61-BF70-36818A478D04}.Release|Any CPU.ActiveCfg = Release|Any CPU
		{3C9196B4-AEB1-4E61-BF70-36818A478D04}.Release|Any CPU.Build.0 = Release|Any CPU
		{E36CF35F-546A-4E15-8C82-A4EFC7F75E00}.Debug|Any CPU.ActiveCfg = Debug|Any CPU
		{E36CF35F-546A-4E15-8C82-A4EFC7F75E00}.Debug|Any CPU.Build.0 = Debug|Any CPU
		{E36CF35F-546A-4E15-8C82-A4EFC7F75E00}.Release|Any CPU.ActiveCfg = Release|Any CPU
		{E36CF35F-546A-4E15-8C82-A4EFC7F75E00}.Release|Any CPU.Build.0 = Release|Any CPU
	EndGlobalSection
	GlobalSection(SolutionProperties) = preSolution
		HideSolutionNode = FALSE
	EndGlobalSection
	GlobalSection(ExtensibilityGlobals) = postSolution
		SolutionGuid = {76A65F38-0672-4DF7-A848-0FFE2D837526}
	EndGlobalSection
EndGlobal
